{
  "object": {
    "pins": [
      {
        "package": "Epoxy",
        "repositoryURL": "https://github.com/airbnb/epoxy-ios.git",
        "state": {
          "branch": null,
          "revision": "05cad30aca82836a572a2794bab5fbca84e802f4",
          "version": "0.9.0"
        }
      },
      {
        "package": "AirbnbSwift",
        "repositoryURL": "https://github.com/airbnb/swift",
        "state": {
          "branch": null,
          "revision": "6900f5ab7ab7394ac85eb9da52b2528ee329b206",
          "version": "1.0.4"
        }
      },
      {
        "package": "swift-argument-parser",
        "repositoryURL": "https://github.com/apple/swift-argument-parser",
        "state": {
          "branch": null,
          "revision": "fee6933f37fde9a5e12a1e4aeaa93fe60116ff2a",
          "version": "1.2.2"
        }
      }
    ]
  },
  "version": 1
}
